// !$*UTF8*$!
{
	archiveVersion = 1;
	classes = {
	};
	objectVersion = 50;
	objects = {

/* Begin PBXBuildFile section */
		6F4C78ECC9D2CB282B0382BD /* Pods_WeatherGift.framework in Frameworks */ = {isa = PBXBuildFile; fileRef = A344DED61117824733AC487D /* Pods_WeatherGift.framework */; };
		BF5F23852229861C006EEE33 /* AppDelegate.swift in Sources */ = {isa = PBXBuildFile; fileRef = BF5F23842229861C006EEE33 /* AppDelegate.swift */; };
		BF5F238A2229861C006EEE33 /* Main.storyboard in Resources */ = {isa = PBXBuildFile; fileRef = BF5F23882229861C006EEE33 /* Main.storyboard */; };
		BF5F238C2229861F006EEE33 /* Assets.xcassets in Resources */ = {isa = PBXBuildFile; fileRef = BF5F238B2229861F006EEE33 /* Assets.xcassets */; };
		BF5F238F2229861F006EEE33 /* LaunchScreen.storyboard in Resources */ = {isa = PBXBuildFile; fileRef = BF5F238D2229861F006EEE33 /* LaunchScreen.storyboard */; };
		BF5F23972229867C006EEE33 /* DetailVC.swift in Sources */ = {isa = PBXBuildFile; fileRef = BF5F23962229867C006EEE33 /* DetailVC.swift */; };
		BF5F23992229890A006EEE33 /* ListVC.swift in Sources */ = {isa = PBXBuildFile; fileRef = BF5F23982229890A006EEE33 /* ListVC.swift */; };
		BF5F239B22298AE8006EEE33 /* PageVC.swift in Sources */ = {isa = PBXBuildFile; fileRef = BF5F239A22298AE8006EEE33 /* PageVC.swift */; };
		BF5F239F2229D914006EEE33 /* WeatherDetail.swift in Sources */ = {isa = PBXBuildFile; fileRef = BF5F239E2229D914006EEE33 /* WeatherDetail.swift */; };
		BF5F23A1222AD9E7006EEE33 /* Constants.swift in Sources */ = {isa = PBXBuildFile; fileRef = BF5F23A0222AD9E7006EEE33 /* Constants.swift */; };
		BF5F23A3222B189C006EEE33 /* DayWeatherCell.swift in Sources */ = {isa = PBXBuildFile; fileRef = BF5F23A2222B189C006EEE33 /* DayWeatherCell.swift */; };
		BF5F23A5222B33C4006EEE33 /* TimeInterval+format.swift in Sources */ = {isa = PBXBuildFile; fileRef = BF5F23A4222B33C4006EEE33 /* TimeInterval+format.swift */; };
		BF5F23A7222B41EB006EEE33 /* HourlyWeatherCell.swift in Sources */ = {isa = PBXBuildFile; fileRef = BF5F23A6222B41EB006EEE33 /* HourlyWeatherCell.swift */; };
		BF5F23A9222B5FD9006EEE33 /* WeatherLocation.swift in Sources */ = {isa = PBXBuildFile; fileRef = BF5F23A8222B5FD9006EEE33 /* WeatherLocation.swift */; };
/* End PBXBuildFile section */

/* Begin PBXFileReference section */
		A344DED61117824733AC487D /* Pods_WeatherGift.framework */ = {isa = PBXFileReference; explicitFileType = wrapper.framework; includeInIndex = 0; path = Pods_WeatherGift.framework; sourceTree = BUILT_PRODUCTS_DIR; };
		BF5F23812229861C006EEE33 /* WeatherGift.app */ = {isa = PBXFileReference; explicitFileType = wrapper.application; includeInIndex = 0; path = WeatherGift.app; sourceTree = BUILT_PRODUCTS_DIR; };
		BF5F23842229861C006EEE33 /* AppDelegate.swift */ = {isa = PBXFileReference; lastKnownFileType = sourcecode.swift; path = AppDelegate.swift; sourceTree = "<group>"; };
		BF5F23892229861C006EEE33 /* Base */ = {isa = PBXFileReference; lastKnownFileType = file.storyboard; name = Base; path = Base.lproj/Main.storyboard; sourceTree = "<group>"; };
		BF5F238B2229861F006EEE33 /* Assets.xcassets */ = {isa = PBXFileReference; lastKnownFileType = folder.assetcatalog; path = Assets.xcassets; sourceTree = "<group>"; };
		BF5F238E2229861F006EEE33 /* Base */ = {isa = PBXFileReference; lastKnownFileType = file.storyboard; name = Base; path = Base.lproj/LaunchScreen.storyboard; sourceTree = "<group>"; };
		BF5F23902229861F006EEE33 /* Info.plist */ = {isa = PBXFileReference; lastKnownFileType = text.plist.xml; path = Info.plist; sourceTree = "<group>"; };
		BF5F23962229867C006EEE33 /* DetailVC.swift */ = {isa = PBXFileReference; lastKnownFileType = sourcecode.swift; path = DetailVC.swift; sourceTree = "<group>"; };
		BF5F23982229890A006EEE33 /* ListVC.swift */ = {isa = PBXFileReference; lastKnownFileType = sourcecode.swift; path = ListVC.swift; sourceTree = "<group>"; };
		BF5F239A22298AE8006EEE33 /* PageVC.swift */ = {isa = PBXFileReference; lastKnownFileType = sourcecode.swift; path = PageVC.swift; sourceTree = "<group>"; };
		BF5F239E2229D914006EEE33 /* WeatherDetail.swift */ = {isa = PBXFileReference; lastKnownFileType = sourcecode.swift; path = WeatherDetail.swift; sourceTree = "<group>"; };
		BF5F23A0222AD9E7006EEE33 /* Constants.swift */ = {isa = PBXFileReference; lastKnownFileType = sourcecode.swift; path = Constants.swift; sourceTree = "<group>"; };
		BF5F23A2222B189C006EEE33 /* DayWeatherCell.swift */ = {isa = PBXFileReference; lastKnownFileType = sourcecode.swift; path = DayWeatherCell.swift; sourceTree = "<group>"; };
		BF5F23A4222B33C4006EEE33 /* TimeInterval+format.swift */ = {isa = PBXFileReference; lastKnownFileType = sourcecode.swift; path = "TimeInterval+format.swift"; sourceTree = "<group>"; };
		BF5F23A6222B41EB006EEE33 /* HourlyWeatherCell.swift */ = {isa = PBXFileReference; lastKnownFileType = sourcecode.swift; path = HourlyWeatherCell.swift; sourceTree = "<group>"; };
		BF5F23A8222B5FD9006EEE33 /* WeatherLocation.swift */ = {isa = PBXFileReference; lastKnownFileType = sourcecode.swift; path = WeatherLocation.swift; sourceTree = "<group>"; };
		D6920BAF768AE44A0106B3AF /* Pods-WeatherGift.debug.xcconfig */ = {isa = PBXFileReference; includeInIndex = 1; lastKnownFileType = text.xcconfig; name = "Pods-WeatherGift.debug.xcconfig"; path = "Target Support Files/Pods-WeatherGift/Pods-WeatherGift.debug.xcconfig"; sourceTree = "<group>"; };
		FF7F22554E53E8BA49E9551B /* Pods-WeatherGift.release.xcconfig */ = {isa = PBXFileReference; includeInIndex = 1; lastKnownFileType = text.xcconfig; name = "Pods-WeatherGift.release.xcconfig"; path = "Target Support Files/Pods-WeatherGift/Pods-WeatherGift.release.xcconfig"; sourceTree = "<group>"; };
/* End PBXFileReference section */

/* Begin PBXFrameworksBuildPhase section */
		BF5F237E2229861C006EEE33 /* Frameworks */ = {
			isa = PBXFrameworksBuildPhase;
			buildActionMask = 2147483647;
			files = (
				6F4C78ECC9D2CB282B0382BD /* Pods_WeatherGift.framework in Frameworks */,
			);
			runOnlyForDeploymentPostprocessing = 0;
		};
/* End PBXFrameworksBuildPhase section */

/* Begin PBXGroup section */
		627A76C3A2591C8412AA4A63 /* Frameworks */ = {
			isa = PBXGroup;
			children = (
				A344DED61117824733AC487D /* Pods_WeatherGift.framework */,
			);
			name = Frameworks;
			sourceTree = "<group>";
		};
		A5A5D9B48C74A6F4624A8BB5 /* Pods */ = {
			isa = PBXGroup;
			children = (
				D6920BAF768AE44A0106B3AF /* Pods-WeatherGift.debug.xcconfig */,
				FF7F22554E53E8BA49E9551B /* Pods-WeatherGift.release.xcconfig */,
			);
			path = Pods;
			sourceTree = "<group>";
		};
		BF5F23782229861C006EEE33 = {
			isa = PBXGroup;
			children = (
				BF5F23832229861C006EEE33 /* WeatherGift */,
				BF5F23822229861C006EEE33 /* Products */,
				A5A5D9B48C74A6F4624A8BB5 /* Pods */,
				627A76C3A2591C8412AA4A63 /* Frameworks */,
			);
			sourceTree = "<group>";
		};
		BF5F23822229861C006EEE33 /* Products */ = {
			isa = PBXGroup;
			children = (
				BF5F23812229861C006EEE33 /* WeatherGift.app */,
			);
			name = Products;
			sourceTree = "<group>";
		};
		BF5F23832229861C006EEE33 /* WeatherGift */ = {
			isa = PBXGroup;
			children = (
				BF5F23842229861C006EEE33 /* AppDelegate.swift */,
				BF5F23A8222B5FD9006EEE33 /* WeatherLocation.swift */,
				BF5F239E2229D914006EEE33 /* WeatherDetail.swift */,
				BF5F239A22298AE8006EEE33 /* PageVC.swift */,
				BF5F23982229890A006EEE33 /* ListVC.swift */,
				BF5F23962229867C006EEE33 /* DetailVC.swift */,
				BF5F23A6222B41EB006EEE33 /* HourlyWeatherCell.swift */,
				BF5F23A2222B189C006EEE33 /* DayWeatherCell.swift */,
				BF5F23A4222B33C4006EEE33 /* TimeInterval+format.swift */,
				BF5F23882229861C006EEE33 /* Main.storyboard */,
				BF5F238B2229861F006EEE33 /* Assets.xcassets */,
				BF5F238D2229861F006EEE33 /* LaunchScreen.storyboard */,
				BF5F23902229861F006EEE33 /* Info.plist */,
				BF5F23A0222AD9E7006EEE33 /* Constants.swift */,
			);
			path = WeatherGift;
			sourceTree = "<group>";
		};
/* End PBXGroup section */

/* Begin PBXNativeTarget section */
		BF5F23802229861C006EEE33 /* WeatherGift */ = {
			isa = PBXNativeTarget;
			buildConfigurationList = BF5F23932229861F006EEE33 /* Build configuration list for PBXNativeTarget "WeatherGift" */;
			buildPhases = (
				D632F2EDD4100E18EF5F5AFA /* [CP] Check Pods Manifest.lock */,
				BF5F237D2229861C006EEE33 /* Sources */,
				BF5F237E2229861C006EEE33 /* Frameworks */,
				BF5F237F2229861C006EEE33 /* Resources */,
				290DD5EA4B17B8AA07BFAF29 /* [CP] Embed Pods Frameworks */,
				76D5569739A43A80CBECF5B9 /* [CP] Copy Pods Resources */,
			);
			buildRules = (
			);
			dependencies = (
			);
			name = WeatherGift;
			productName = WeatherGift;
			productReference = BF5F23812229861C006EEE33 /* WeatherGift.app */;
			productType = "com.apple.product-type.application";
		};
/* End PBXNativeTarget section */

/* Begin PBXProject section */
		BF5F23792229861C006EEE33 /* Project object */ = {
			isa = PBXProject;
			attributes = {
				LastSwiftUpdateCheck = 1010;
				LastUpgradeCheck = 1010;
				ORGANIZATIONNAME = "Alex Karacaoglu";
				TargetAttributes = {
					BF5F23802229861C006EEE33 = {
						CreatedOnToolsVersion = 10.1;
					};
				};
			};
			buildConfigurationList = BF5F237C2229861C006EEE33 /* Build configuration list for PBXProject "WeatherGift" */;
			compatibilityVersion = "Xcode 9.3";
			developmentRegion = en;
			hasScannedForEncodings = 0;
			knownRegions = (
				en,
				Base,
			);
			mainGroup = BF5F23782229861C006EEE33;
			productRefGroup = BF5F23822229861C006EEE33 /* Products */;
			projectDirPath = "";
			projectRoot = "";
			targets = (
				BF5F23802229861C006EEE33 /* WeatherGift */,
			);
		};
/* End PBXProject section */

/* Begin PBXResourcesBuildPhase section */
		BF5F237F2229861C006EEE33 /* Resources */ = {
			isa = PBXResourcesBuildPhase;
			buildActionMask = 2147483647;
			files = (
				BF5F238F2229861F006EEE33 /* LaunchScreen.storyboard in Resources */,
				BF5F238C2229861F006EEE33 /* Assets.xcassets in Resources */,
				BF5F238A2229861C006EEE33 /* Main.storyboard in Resources */,
			);
			runOnlyForDeploymentPostprocessing = 0;
		};
/* End PBXResourcesBuildPhase section */

/* Begin PBXShellScriptBuildPhase section */
		290DD5EA4B17B8AA07BFAF29 /* [CP] Embed Pods Frameworks */ = {
			isa = PBXShellScriptBuildPhase;
			buildActionMask = 2147483647;
			files = (
			);
			inputFileListPaths = (
			);
			inputPaths = (
				"${PODS_ROOT}/Target Support Files/Pods-WeatherGift/Pods-WeatherGift-frameworks.sh",
				"${BUILT_PRODUCTS_DIR}/Alamofire/Alamofire.framework",
				"${BUILT_PRODUCTS_DIR}/SwiftyJSON/SwiftyJSON.framework",
			);
			name = "[CP] Embed Pods Frameworks";
			outputFileListPaths = (
			);
			outputPaths = (
				"${TARGET_BUILD_DIR}/${FRAMEWORKS_FOLDER_PATH}/Alamofire.framework",
				"${TARGET_BUILD_DIR}/${FRAMEWORKS_FOLDER_PATH}/SwiftyJSON.framework",
			);
			runOnlyForDeploymentPostprocessing = 0;
			shellPath = /bin/sh;
			shellScript = "\"${PODS_ROOT}/Target Support Files/Pods-WeatherGift/Pods-WeatherGift-frameworks.sh\"\n";
			showEnvVarsInLog = 0;
		};
		76D5569739A43A80CBECF5B9 /* [CP] Copy Pods Resources */ = {
			isa = PBXShellScriptBuildPhase;
			buildActionMask = 2147483647;
			files = (
			);
			inputFileListPaths = (
			);
			inputPaths = (
				"${PODS_ROOT}/Target Support Files/Pods-WeatherGift/Pods-WeatherGift-resources.sh",
				"${PODS_ROOT}/GooglePlaces/Frameworks/GooglePlaces.framework/Resources/GooglePlaces.bundle",
			);
			name = "[CP] Copy Pods Resources";
			outputFileListPaths = (
			);
			outputPaths = (
				"${TARGET_BUILD_DIR}/${UNLOCALIZED_RESOURCES_FOLDER_PATH}/GooglePlaces.bundle",
			);
			runOnlyForDeploymentPostprocessing = 0;
			shellPath = /bin/sh;
			shellScript = "\"${PODS_ROOT}/Target Support Files/Pods-WeatherGift/Pods-WeatherGift-resources.sh\"\n";
			showEnvVarsInLog = 0;
		};
		D632F2EDD4100E18EF5F5AFA /* [CP] Check Pods Manifest.lock */ = {
			isa = PBXShellScriptBuildPhase;
			buildActionMask = 2147483647;
			files = (
			);
			inputFileListPaths = (
			);
			inputPaths = (
				"${PODS_PODFILE_DIR_PATH}/Podfile.lock",
				"${PODS_ROOT}/Manifest.lock",
			);
			name = "[CP] Check Pods Manifest.lock";
			outputFileListPaths = (
			);
			outputPaths = (
				"$(DERIVED_FILE_DIR)/Pods-WeatherGift-checkManifestLockResult.txt",
			);
			runOnlyForDeploymentPostprocessing = 0;
			shellPath = /bin/sh;
			shellScript = "diff \"${PODS_PODFILE_DIR_PATH}/Podfile.lock\" \"${PODS_ROOT}/Manifest.lock\" > /dev/null\nif [ $? != 0 ] ; then\n    # print error to STDERR\n    echo \"error: The sandbox is not in sync with the Podfile.lock. Run 'pod install' or update your CocoaPods installation.\" >&2\n    exit 1\nfi\n# This output is used by Xcode 'outputs' to avoid re-running this script phase.\necho \"SUCCESS\" > \"${SCRIPT_OUTPUT_FILE_0}\"\n";
			showEnvVarsInLog = 0;
		};
/* End PBXShellScriptBuildPhase section */

/* Begin PBXSourcesBuildPhase section */
		BF5F237D2229861C006EEE33 /* Sources */ = {
			isa = PBXSourcesBuildPhase;
			buildActionMask = 2147483647;
			files = (
				BF5F23A3222B189C006EEE33 /* DayWeatherCell.swift in Sources */,
				BF5F23A7222B41EB006EEE33 /* HourlyWeatherCell.swift in Sources */,
				BF5F239F2229D914006EEE33 /* WeatherDetail.swift in Sources */,
				BF5F23992229890A006EEE33 /* ListVC.swift in Sources */,
				BF5F239B22298AE8006EEE33 /* PageVC.swift in Sources */,
				BF5F23A9222B5FD9006EEE33 /* WeatherLocation.swift in Sources */,
				BF5F23A5222B33C4006EEE33 /* TimeInterval+format.swift in Sources */,
				BF5F23852229861C006EEE33 /* AppDelegate.swift in Sources */,
				BF5F23972229867C006EEE33 /* DetailVC.swift in Sources */,
				BF5F23A1222AD9E7006EEE33 /* Constants.swift in Sources */,
			);
			runOnlyForDeploymentPostprocessing = 0;
		};
/* End PBXSourcesBuildPhase section */

/* Begin PBXVariantGroup section */
		BF5F23882229861C006EEE33 /* Main.storyboard */ = {
			isa = PBXVariantGroup;
			children = (
				BF5F23892229861C006EEE33 /* Base */,
			);
			name = Main.storyboard;
			sourceTree = "<group>";
		};
		BF5F238D2229861F006EEE33 /* LaunchScreen.storyboard */ = {
			isa = PBXVariantGroup;
			children = (
				BF5F238E2229861F006EEE33 /* Base */,
			);
			name = LaunchScreen.storyboard;
			sourceTree = "<group>";
		};
/* End PBXVariantGroup section */

/* Begin XCBuildConfiguration section */
		BF5F23912229861F006EEE33 /* Debug */ = {
			isa = XCBuildConfiguration;
			buildSettings = {
				ALWAYS_SEARCH_USER_PATHS = NO;
				CLANG_ANALYZER_NONNULL = YES;
				CLANG_ANALYZER_NUMBER_OBJECT_CONVERSION = YES_AGGRESSIVE;
				CLANG_CXX_LANGUAGE_STANDARD = "gnu++14";
				CLANG_CXX_LIBRARY = "libc++";
				CLANG_ENABLE_MODULES = YES;
				CLANG_ENABLE_OBJC_ARC = YES;
				CLANG_ENABLE_OBJC_WEAK = YES;
				CLANG_WARN_BLOCK_CAPTURE_AUTORELEASING = YES;
				CLANG_WARN_BOOL_CONVERSION = YES;
				CLANG_WARN_COMMA = YES;
				CLANG_WARN_CONSTANT_CONVERSION = YES;
				CLANG_WARN_DEPRECATED_OBJC_IMPLEMENTATIONS = YES;
				CLANG_WARN_DIRECT_OBJC_ISA_USAGE = YES_ERROR;
				CLANG_WARN_DOCUMENTATION_COMMENTS = YES;
				CLANG_WARN_EMPTY_BODY = YES;
				CLANG_WARN_ENUM_CONVERSION = YES;
				CLANG_WARN_INFINITE_RECURSION = YES;
				CLANG_WARN_INT_CONVERSION = YES;
				CLANG_WARN_NON_LITERAL_NULL_CONVERSION = YES;
				CLANG_WARN_OBJC_IMPLICIT_RETAIN_SELF = YES;
				CLANG_WARN_OBJC_LITERAL_CONVERSION = YES;
				CLANG_WARN_OBJC_ROOT_CLASS = YES_ERROR;
				CLANG_WARN_RANGE_LOOP_ANALYSIS = YES;
				CLANG_WARN_STRICT_PROTOTYPES = YES;
				CLANG_WARN_SUSPICIOUS_MOVE = YES;
				CLANG_WARN_UNGUARDED_AVAILABILITY = YES_AGGRESSIVE;
				CLANG_WARN_UNREACHABLE_CODE = YES;
				CLANG_WARN__DUPLICATE_METHOD_MATCH = YES;
				CODE_SIGN_IDENTITY = "iPhone Developer";
				COPY_PHASE_STRIP = NO;
				DEBUG_INFORMATION_FORMAT = dwarf;
				ENABLE_STRICT_OBJC_MSGSEND = YES;
				ENABLE_TESTABILITY = YES;
				GCC_C_LANGUAGE_STANDARD = gnu11;
				GCC_DYNAMIC_NO_PIC = NO;
				GCC_NO_COMMON_BLOCKS = YES;
				GCC_OPTIMIZATION_LEVEL = 0;
				GCC_PREPROCESSOR_DEFINITIONS = (
					"DEBUG=1",
					"$(inherited)",
				);
				GCC_WARN_64_TO_32_BIT_CONVERSION = YES;
				GCC_WARN_ABOUT_RETURN_TYPE = YES_ERROR;
				GCC_WARN_UNDECLARED_SELECTOR = YES;
				GCC_WARN_UNINITIALIZED_AUTOS = YES_AGGRESSIVE;
				GCC_WARN_UNUSED_FUNCTION = YES;
				GCC_WARN_UNUSED_VARIABLE = YES;
				IPHONEOS_DEPLOYMENT_TARGET = 12.1;
				MTL_ENABLE_DEBUG_INFO = INCLUDE_SOURCE;
				MTL_FAST_MATH = YES;
				ONLY_ACTIVE_ARCH = YES;
				SDKROOT = iphoneos;
				SWIFT_ACTIVE_COMPILATION_CONDITIONS = DEBUG;
				SWIFT_OPTIMIZATION_LEVEL = "-Onone";
			};
			name = Debug;
		};
		BF5F23922229861F006EEE33 /* Release */ = {
			isa = XCBuildConfiguration;
			buildSettings = {
				ALWAYS_SEARCH_USER_PATHS = NO;
				CLANG_ANALYZER_NONNULL = YES;
				CLANG_ANALYZER_NUMBER_OBJECT_CONVERSION = YES_AGGRESSIVE;
				CLANG_CXX_LANGUAGE_STANDARD = "gnu++14";
				CLANG_CXX_LIBRARY = "libc++";
				CLANG_ENABLE_MODULES = YES;
				CLANG_ENABLE_OBJC_ARC = YES;
				CLANG_ENABLE_OBJC_WEAK = YES;
				CLANG_WARN_BLOCK_CAPTURE_AUTORELEASING = YES;
				CLANG_WARN_BOOL_CONVERSION = YES;
				CLANG_WARN_COMMA = YES;
				CLANG_WARN_CONSTANT_CONVERSION = YES;
				CLANG_WARN_DEPRECATED_OBJC_IMPLEMENTATIONS = YES;
				CLANG_WARN_DIRECT_OBJC_ISA_USAGE = YES_ERROR;
				CLANG_WARN_DOCUMENTATION_COMMENTS = YES;
				CLANG_WARN_EMPTY_BODY = YES;
				CLANG_WARN_ENUM_CONVERSION = YES;
				CLANG_WARN_INFINITE_RECURSION = YES;
				CLANG_WARN_INT_CONVERSION = YES;
				CLANG_WARN_NON_LITERAL_NULL_CONVERSION = YES;
				CLANG_WARN_OBJC_IMPLICIT_RETAIN_SELF = YES;
				CLANG_WARN_OBJC_LITERAL_CONVERSION = YES;
				CLANG_WARN_OBJC_ROOT_CLASS = YES_ERROR;
				CLANG_WARN_RANGE_LOOP_ANALYSIS = YES;
				CLANG_WARN_STRICT_PROTOTYPES = YES;
				CLANG_WARN_SUSPICIOUS_MOVE = YES;
				CLANG_WARN_UNGUARDED_AVAILABILITY = YES_AGGRESSIVE;
				CLANG_WARN_UNREACHABLE_CODE = YES;
				CLANG_WARN__DUPLICATE_METHOD_MATCH = YES;
				CODE_SIGN_IDENTITY = "iPhone Developer";
				COPY_PHASE_STRIP = NO;
				DEBUG_INFORMATION_FORMAT = "dwarf-with-dsym";
				ENABLE_NS_ASSERTIONS = NO;
				ENABLE_STRICT_OBJC_MSGSEND = YES;
				GCC_C_LANGUAGE_STANDARD = gnu11;
				GCC_NO_COMMON_BLOCKS = YES;
				GCC_WARN_64_TO_32_BIT_CONVERSION = YES;
				GCC_WARN_ABOUT_RETURN_TYPE = YES_ERROR;
				GCC_WARN_UNDECLARED_SELECTOR = YES;
				GCC_WARN_UNINITIALIZED_AUTOS = YES_AGGRESSIVE;
				GCC_WARN_UNUSED_FUNCTION = YES;
				GCC_WARN_UNUSED_VARIABLE = YES;
				IPHONEOS_DEPLOYMENT_TARGET = 12.1;
				MTL_ENABLE_DEBUG_INFO = NO;
				MTL_FAST_MATH = YES;
				SDKROOT = iphoneos;
				SWIFT_COMPILATION_MODE = wholemodule;
				SWIFT_OPTIMIZATION_LEVEL = "-O";
				VALIDATE_PRODUCT = YES;
			};
			name = Release;
		};
		BF5F23942229861F006EEE33 /* Debug */ = {
			isa = XCBuildConfiguration;
			baseConfigurationReference = D6920BAF768AE44A0106B3AF /* Pods-WeatherGift.debug.xcconfig */;
			buildSettings = {
				ASSETCATALOG_COMPILER_APPICON_NAME = AppIcon;
				CODE_SIGN_STYLE = Automatic;
				DEVELOPMENT_TEAM = V2VTBVJX3Y;
				INFOPLIST_FILE = WeatherGift/Info.plist;
				LD_RUNPATH_SEARCH_PATHS = (
					"$(inherited)",
					"@executable_path/Frameworks",
				);
				PRODUCT_BUNDLE_IDENTIFIER = com.karacaoglu.WeatherGift;
				PRODUCT_NAME = "$(TARGET_NAME)";
				SWIFT_VERSION = 4.2;
				TARGETED_DEVICE_FAMILY = "1,2";
			};
			name = Debug;
		};
		BF5F23952229861F006EEE33 /* Release */ = {
			isa = XCBuildConfiguration;
			baseConfigurationReference = FF7F22554E53E8BA49E9551B /* Pods-WeatherGift.release.xcconfig */;
			buildSettings = {
				ASSETCATALOG_COMPILER_APPICON_NAME = AppIcon;
				CODE_SIGN_STYLE = Automatic;
				DEVELOPMENT_TEAM = V2VTBVJX3Y;
				INFOPLIST_FILE = WeatherGift/Info.plist;
				LD_RUNPATH_SEARCH_PATHS = (
					"$(inherited)",
					"@executable_path/Frameworks",
				);
				PRODUCT_BUNDLE_IDENTIFIER = com.karacaoglu.WeatherGift;
				PRODUCT_NAME = "$(TARGET_NAME)";
				SWIFT_VERSION = 4.2;
				TARGETED_DEVICE_FAMILY = "1,2";
			};
			name = Release;
		};
/* End XCBuildConfiguration section */

/* Begin XCConfigurationList section */
		BF5F237C2229861C006EEE33 /* Build configuration list for PBXProject "WeatherGift" */ = {
			isa = XCConfigurationList;
			buildConfigurations = (
				BF5F23912229861F006EEE33 /* Debug */,
				BF5F23922229861F006EEE33 /* Release */,
			);
			defaultConfigurationIsVisible = 0;
			defaultConfigurationName = Release;
		};
		BF5F23932229861F006EEE33 /* Build configuration list for PBXNativeTarget "WeatherGift" */ = {
			isa = XCConfigurationList;
			buildConfigurations = (
				BF5F23942229861F006EEE33 /* Debug */,
				BF5F23952229861F006EEE33 /* Release */,
			);
			defaultConfigurationIsVisible = 0;
			defaultConfigurationName = Release;
		};
/* End XCConfigurationList section */
	};
	rootObject = BF5F23792229861C006EEE33 /* Project object */;
}
